
Microsoft Visual Studio Solution File, Format Version 12.00
# Visual Studio 15
VisualStudioVersion = 15.0.27004.2008
MinimumVisualStudioVersion = 10.0.40219.1
Project("{9092AA53-FB77-4645-B42D-1CCCA6BD08BD}") = "examProject", "examProject.njsproj", "{EBA12789-0236-4EE7-B7FF-EE1128E94568}"
EndProject
Global
	GlobalSection(SolutionConfigurationPlatforms) = preSolution
		Debug|Any CPU = Debug|Any CPU
		Release|Any CPU = Release|Any CPU
	EndGlobalSection
	GlobalSection(ProjectConfigurationPlatforms) = postSolution
		{EBA12789-0236-4EE7-B7FF-EE1128E94568}.Debug|Any CPU.ActiveCfg = Debug|Any CPU
		{EBA12789-0236-4EE7-B7FF-EE1128E94568}.Debug|Any CPU.Build.0 = Debug|Any CPU
		{EBA12789-0236-4EE7-B7FF-EE1128E94568}.Release|Any CPU.ActiveCfg = Release|Any CPU
		{EBA12789-0236-4EE7-B7FF-EE1128E94568}.Release|Any CPU.Build.0 = Release|Any CPU
	EndGlobalSection
	GlobalSection(SolutionProperties) = preSolution
		HideSolutionNode = FALSE
	EndGlobalSection
	GlobalSection(ExtensibilityGlobals) = postSolution
		SolutionGuid = {D11D2F0C-3893-489B-B778-6459E3C95BD5}
	EndGlobalSection
EndGlobal
